<Solution>
  <Folder Name="/deploy/">
    <File Path="deploy/README.md" />
  </Folder>
  <Folder Name="/docs/">
    <File Path="docs/README.md" />
  </Folder>
  <Folder Name="/src/">
    <File Path="src/docker-compose.yml" />
    <File Path="src/README.md" />
    <Project Path="src/Aspotus.Catalog.Api/Aspotus.Catalog.Api.csproj" />
    <Project Path="src/Aspotus.Gateway/Aspotus.Gateway.csproj" />
    <Project Path="src/Aspotus.Orders.Api/Aspotus.Orders.Api.csproj" />
    <Project Path="src/Aspotus.Shared/Aspotus.Shared.csproj" />
  </Folder>
  <Folder Name="/tests/">
    <File Path="tests/README.md" />
    <Project Path="tests/Unit.Test/Unit.Test.csproj" Id="6e556d7f-b737-48af-8c39-b1e7f25c48fc" />
  </Folder>
</Solution>
